
Microsoft Visual Studio Solution File, Format Version 12.00
# Visual Studio Version 17
VisualStudioVersion = 17.0.31912.275
MinimumVisualStudioVersion = 10.0.40219.1
Project("{9A19103F-16F7-4668-BE54-9A1E7A4F7556}") = "TrackerLibrary", "TrackerLibrary\TrackerLibrary.csproj", "{3336AFF9-4DB3-46BC-BEBB-C0B646C5ABA0}"
EndProject
Project("{9A19103F-16F7-4668-BE54-9A1E7A4F7556}") = "TrackerWinFormUI", "TrackerWinFormUI\TrackerWinFormUI.csproj", "{02655DE9-5A29-44B4-BC0A-6817849C5A3E}"
EndProject
Project("{9A19103F-16F7-4668-BE54-9A1E7A4F7556}") = "TrackerWPFUI", "TrackerWPFUI\TrackerWPFUI.csproj", "{47156831-3AE3-4DFE-8C80-10A3CCEC898D}"
EndProject
Project("{00D1A9C2-B5F0-4AF3-8072-F6C62B433612}") = "TrackerData", "TrackerData\TrackerData.sqlproj", "{C90225AF-09EF-496B-A6AA-B9A921FD41C2}"
EndProject
Project("{9A19103F-16F7-4668-BE54-9A1E7A4F7556}") = "TrackerWPFUI.Test", "TrackerWPFUI.Test\TrackerWPFUI.Test.csproj", "{C1E47B42-E9CF-47EC-9848-EEBFA035793D}"
EndProject
Project("{2150E333-8FDC-42A3-9474-1A3956D46DE8}") = "TrackerCore", "TrackerCore", "{69B0B865-E0FD-46D9-B794-AD5697AAC3B9}"
EndProject
Project("{2150E333-8FDC-42A3-9474-1A3956D46DE8}") = "TrackerUI", "TrackerUI", "{BD6A2BB3-B496-4C86-ABAD-1F85B16488CA}"
EndProject
Project("{2150E333-8FDC-42A3-9474-1A3956D46DE8}") = "WinForm", "WinForm", "{6C768D7C-0F9E-41A1-BA1C-385E92E26D9F}"
EndProject
Project("{2150E333-8FDC-42A3-9474-1A3956D46DE8}") = "WPF", "WPF", "{22884EEF-AF7F-44AC-AA06-5BD7A4930ED2}"
EndProject
Project("{FAE04EC0-301F-11D3-BF4B-00C04F79EFBC}") = "TrackerAPI", "TrackerAPI\TrackerAPI.csproj", "{6DAAE766-C887-4D28-BA0F-6002D4AB4D14}"
EndProject
Project("{FAE04EC0-301F-11D3-BF4B-00C04F79EFBC}") = "TrackerUI.Library", "TrackerUI.Library\TrackerUI.Library.csproj", "{94116FC8-1FE0-4BDB-8730-4742C8BAEB25}"
EndProject
Global
	GlobalSection(SolutionConfigurationPlatforms) = preSolution
		Debug|Any CPU = Debug|Any CPU
		Release|Any CPU = Release|Any CPU
	EndGlobalSection
	GlobalSection(ProjectConfigurationPlatforms) = postSolution
		{3336AFF9-4DB3-46BC-BEBB-C0B646C5ABA0}.Debug|Any CPU.ActiveCfg = Debug|Any CPU
		{3336AFF9-4DB3-46BC-BEBB-C0B646C5ABA0}.Debug|Any CPU.Build.0 = Debug|Any CPU
		{3336AFF9-4DB3-46BC-BEBB-C0B646C5ABA0}.Release|Any CPU.ActiveCfg = Release|Any CPU
		{3336AFF9-4DB3-46BC-BEBB-C0B646C5ABA0}.Release|Any CPU.Build.0 = Release|Any CPU
		{02655DE9-5A29-44B4-BC0A-6817849C5A3E}.Debug|Any CPU.ActiveCfg = Debug|Any CPU
		{02655DE9-5A29-44B4-BC0A-6817849C5A3E}.Debug|Any CPU.Build.0 = Debug|Any CPU
		{02655DE9-5A29-44B4-BC0A-6817849C5A3E}.Release|Any CPU.ActiveCfg = Release|Any CPU
		{02655DE9-5A29-44B4-BC0A-6817849C5A3E}.Release|Any CPU.Build.0 = Release|Any CPU
		{47156831-3AE3-4DFE-8C80-10A3CCEC898D}.Debug|Any CPU.ActiveCfg = Debug|Any CPU
		{47156831-3AE3-4DFE-8C80-10A3CCEC898D}.Debug|Any CPU.Build.0 = Debug|Any CPU
		{47156831-3AE3-4DFE-8C80-10A3CCEC898D}.Release|Any CPU.ActiveCfg = Release|Any CPU
		{47156831-3AE3-4DFE-8C80-10A3CCEC898D}.Release|Any CPU.Build.0 = Release|Any CPU
		{C90225AF-09EF-496B-A6AA-B9A921FD41C2}.Debug|Any CPU.ActiveCfg = Debug|Any CPU
		{C90225AF-09EF-496B-A6AA-B9A921FD41C2}.Debug|Any CPU.Build.0 = Debug|Any CPU
		{C90225AF-09EF-496B-A6AA-B9A921FD41C2}.Debug|Any CPU.Deploy.0 = Debug|Any CPU
		{C90225AF-09EF-496B-A6AA-B9A921FD41C2}.Release|Any CPU.ActiveCfg = Release|Any CPU
		{C90225AF-09EF-496B-A6AA-B9A921FD41C2}.Release|Any CPU.Build.0 = Release|Any CPU
		{C90225AF-09EF-496B-A6AA-B9A921FD41C2}.Release|Any CPU.Deploy.0 = Release|Any CPU
		{C1E47B42-E9CF-47EC-9848-EEBFA035793D}.Debug|Any CPU.ActiveCfg = Debug|Any CPU
		{C1E47B42-E9CF-47EC-9848-EEBFA035793D}.Debug|Any CPU.Build.0 = Debug|Any CPU
		{C1E47B42-E9CF-47EC-9848-EEBFA035793D}.Release|Any CPU.ActiveCfg = Release|Any CPU
		{C1E47B42-E9CF-47EC-9848-EEBFA035793D}.Release|Any CPU.Build.0 = Release|Any CPU
		{6DAAE766-C887-4D28-BA0F-6002D4AB4D14}.Debug|Any CPU.ActiveCfg = Debug|Any CPU
		{6DAAE766-C887-4D28-BA0F-6002D4AB4D14}.Debug|Any CPU.Build.0 = Debug|Any CPU
		{6DAAE766-C887-4D28-BA0F-6002D4AB4D14}.Release|Any CPU.ActiveCfg = Release|Any CPU
		{6DAAE766-C887-4D28-BA0F-6002D4AB4D14}.Release|Any CPU.Build.0 = Release|Any CPU
		{94116FC8-1FE0-4BDB-8730-4742C8BAEB25}.Debug|Any CPU.ActiveCfg = Debug|Any CPU
		{94116FC8-1FE0-4BDB-8730-4742C8BAEB25}.Debug|Any CPU.Build.0 = Debug|Any CPU
		{94116FC8-1FE0-4BDB-8730-4742C8BAEB25}.Release|Any CPU.ActiveCfg = Release|Any CPU
		{94116FC8-1FE0-4BDB-8730-4742C8BAEB25}.Release|Any CPU.Build.0 = Release|Any CPU
	EndGlobalSection
	GlobalSection(SolutionProperties) = preSolution
		HideSolutionNode = FALSE
	EndGlobalSection
	GlobalSection(NestedProjects) = preSolution
		{3336AFF9-4DB3-46BC-BEBB-C0B646C5ABA0} = {69B0B865-E0FD-46D9-B794-AD5697AAC3B9}
		{02655DE9-5A29-44B4-BC0A-6817849C5A3E} = {6C768D7C-0F9E-41A1-BA1C-385E92E26D9F}
		{47156831-3AE3-4DFE-8C80-10A3CCEC898D} = {22884EEF-AF7F-44AC-AA06-5BD7A4930ED2}
		{C90225AF-09EF-496B-A6AA-B9A921FD41C2} = {69B0B865-E0FD-46D9-B794-AD5697AAC3B9}
		{C1E47B42-E9CF-47EC-9848-EEBFA035793D} = {22884EEF-AF7F-44AC-AA06-5BD7A4930ED2}
		{6C768D7C-0F9E-41A1-BA1C-385E92E26D9F} = {BD6A2BB3-B496-4C86-ABAD-1F85B16488CA}
		{22884EEF-AF7F-44AC-AA06-5BD7A4930ED2} = {BD6A2BB3-B496-4C86-ABAD-1F85B16488CA}
		{6DAAE766-C887-4D28-BA0F-6002D4AB4D14} = {69B0B865-E0FD-46D9-B794-AD5697AAC3B9}
		{94116FC8-1FE0-4BDB-8730-4742C8BAEB25} = {BD6A2BB3-B496-4C86-ABAD-1F85B16488CA}
	EndGlobalSection
	GlobalSection(ExtensibilityGlobals) = postSolution
		SolutionGuid = {2D2B1450-ABAC-49DE-9DDB-A2CCB8D9D1D9}
	EndGlobalSection
EndGlobal
